
Microsoft Visual Studio Solution File, Format Version 12.00
# Visual Studio Version 16
VisualStudioVersion = 16.0.30204.135
MinimumVisualStudioVersion = 10.0.40219.1
Project("{FAE04EC0-301F-11D3-BF4B-00C04F79EFBC}") = "ProdavnicaApp", "ProdavnicaApp\ProdavnicaApp.csproj", "{B59BBC61-A1C5-4D81-AFFA-68FEC1395CBC}"
EndProject
Global
	GlobalSection(SolutionConfigurationPlatforms) = preSolution
		Debug|Any CPU = Debug|Any CPU
		Release|Any CPU = Release|Any CPU
	EndGlobalSection
	GlobalSection(ProjectConfigurationPlatforms) = postSolution
		{B59BBC61-A1C5-4D81-AFFA-68FEC1395CBC}.Debug|Any CPU.ActiveCfg = Debug|Any CPU
		{B59BBC61-A1C5-4D81-AFFA-68FEC1395CBC}.Debug|Any CPU.Build.0 = Debug|Any CPU
		{B59BBC61-A1C5-4D81-AFFA-68FEC1395CBC}.Release|Any CPU.ActiveCfg = Release|Any CPU
		{B59BBC61-A1C5-4D81-AFFA-68FEC1395CBC}.Release|Any CPU.Build.0 = Release|Any CPU
	EndGlobalSection
	GlobalSection(SolutionProperties) = preSolution
		HideSolutionNode = FALSE
	EndGlobalSection
	GlobalSection(ExtensibilityGlobals) = postSolution
		SolutionGuid = {FA1A6F9E-2783-4446-AC65-89949A3595A2}
	EndGlobalSection
EndGlobal
